
Microsoft Visual Studio Solution File, Format Version 12.00
# Visual Studio 15
VisualStudioVersion = 15.0.26403.7
MinimumVisualStudioVersion = 10.0.40219.1
Project("{2150E333-8FDC-42A3-9474-1A3956D46DE8}") = "Solution Items", "Solution Items", "{888D1EEB-B8BD-47BF-A483-D69FDB2DCADB}"
	ProjectSection(SolutionItems) = preProject
		NuGet.config = NuGet.config
	EndProjectSection
EndProject
Project("{9A19103F-16F7-4668-BE54-9A1E7A4F7556}") = "MyHome.Core", "MyHome.Core\MyHome.Core.csproj", "{D64E7100-F26B-4F8C-B22A-3C945EB5073F}"
EndProject
Project("{9A19103F-16F7-4668-BE54-9A1E7A4F7556}") = "MyHome.Core.Shared", "MyHome.Core.Shared\MyHome.Core.Shared.csproj", "{CEED6E7B-7F88-4F72-8094-57B3812D85B0}"
EndProject
Project("{9A19103F-16F7-4668-BE54-9A1E7A4F7556}") = "MyHome.Core.Plugin.DeviceAK1", "MyHome.Core.Plugin.DeviceAK1\MyHome.Core.Plugin.DeviceAK1.csproj", "{57620288-DF0A-44CD-BE6D-911165A82F47}"
EndProject
Project("{9A19103F-16F7-4668-BE54-9A1E7A4F7556}") = "Hangfire.MemoryStorage", "..\Hangfire.MemoryStorage\src\Hangfire.MemoryStorage\Hangfire.MemoryStorage.csproj", "{5F42DF92-7226-4C35-A515-88062683B6CE}"
EndProject
Project("{9A19103F-16F7-4668-BE54-9A1E7A4F7556}") = "MyHome.Core.Plugin.ValueKeeper", "MyHome.Core.Plugin.ValueKeeper\MyHome.Core.Plugin.ValueKeeper.csproj", "{2AC0C25C-CC7A-4667-9D9B-02BFD5F5CCAD}"
EndProject
Project("{9A19103F-16F7-4668-BE54-9A1E7A4F7556}") = "MyHome.Core.Plugin.iSpyManager", "MyHome.Core.Plugin.iSpyManager\MyHome.Core.Plugin.iSpyManager.csproj", "{E135A937-154C-4AD0-91FA-3C895CB362D7}"
EndProject
Global
	GlobalSection(SolutionConfigurationPlatforms) = preSolution
		Debug|Any CPU = Debug|Any CPU
		Release|Any CPU = Release|Any CPU
	EndGlobalSection
	GlobalSection(ProjectConfigurationPlatforms) = postSolution
		{D64E7100-F26B-4F8C-B22A-3C945EB5073F}.Debug|Any CPU.ActiveCfg = Debug|Any CPU
		{D64E7100-F26B-4F8C-B22A-3C945EB5073F}.Debug|Any CPU.Build.0 = Debug|Any CPU
		{D64E7100-F26B-4F8C-B22A-3C945EB5073F}.Release|Any CPU.ActiveCfg = Release|Any CPU
		{D64E7100-F26B-4F8C-B22A-3C945EB5073F}.Release|Any CPU.Build.0 = Release|Any CPU
		{CEED6E7B-7F88-4F72-8094-57B3812D85B0}.Debug|Any CPU.ActiveCfg = Debug|Any CPU
		{CEED6E7B-7F88-4F72-8094-57B3812D85B0}.Debug|Any CPU.Build.0 = Debug|Any CPU
		{CEED6E7B-7F88-4F72-8094-57B3812D85B0}.Release|Any CPU.ActiveCfg = Release|Any CPU
		{CEED6E7B-7F88-4F72-8094-57B3812D85B0}.Release|Any CPU.Build.0 = Release|Any CPU
		{57620288-DF0A-44CD-BE6D-911165A82F47}.Debug|Any CPU.ActiveCfg = Debug|Any CPU
		{57620288-DF0A-44CD-BE6D-911165A82F47}.Debug|Any CPU.Build.0 = Debug|Any CPU
		{57620288-DF0A-44CD-BE6D-911165A82F47}.Release|Any CPU.ActiveCfg = Release|Any CPU
		{57620288-DF0A-44CD-BE6D-911165A82F47}.Release|Any CPU.Build.0 = Release|Any CPU
		{5F42DF92-7226-4C35-A515-88062683B6CE}.Debug|Any CPU.ActiveCfg = Debug|Any CPU
		{5F42DF92-7226-4C35-A515-88062683B6CE}.Debug|Any CPU.Build.0 = Debug|Any CPU
		{5F42DF92-7226-4C35-A515-88062683B6CE}.Release|Any CPU.ActiveCfg = Release|Any CPU
		{5F42DF92-7226-4C35-A515-88062683B6CE}.Release|Any CPU.Build.0 = Release|Any CPU
		{2AC0C25C-CC7A-4667-9D9B-02BFD5F5CCAD}.Debug|Any CPU.ActiveCfg = Debug|Any CPU
		{2AC0C25C-CC7A-4667-9D9B-02BFD5F5CCAD}.Debug|Any CPU.Build.0 = Debug|Any CPU
		{2AC0C25C-CC7A-4667-9D9B-02BFD5F5CCAD}.Release|Any CPU.ActiveCfg = Release|Any CPU
		{2AC0C25C-CC7A-4667-9D9B-02BFD5F5CCAD}.Release|Any CPU.Build.0 = Release|Any CPU
		{E135A937-154C-4AD0-91FA-3C895CB362D7}.Debug|Any CPU.ActiveCfg = Debug|Any CPU
		{E135A937-154C-4AD0-91FA-3C895CB362D7}.Debug|Any CPU.Build.0 = Debug|Any CPU
		{E135A937-154C-4AD0-91FA-3C895CB362D7}.Release|Any CPU.ActiveCfg = Release|Any CPU
		{E135A937-154C-4AD0-91FA-3C895CB362D7}.Release|Any CPU.Build.0 = Release|Any CPU
	EndGlobalSection
	GlobalSection(SolutionProperties) = preSolution
		HideSolutionNode = FALSE
	EndGlobalSection
EndGlobal
